
Microsoft Visual Studio Solution File, Format Version 12.00
# Visual Studio Version 17
VisualStudioVersion = 17.1.32228.430
MinimumVisualStudioVersion = 10.0.40219.1
Project("{FAE04EC0-301F-11D3-BF4B-00C04F79EFBC}") = "PaylocityAutomation", "PaylocityAutomation\PaylocityAutomation.csproj", "{6447D356-10DA-40B6-9A83-C30564B56721}"
EndProject
Global
	GlobalSection(SolutionConfigurationPlatforms) = preSolution
		Debug|Any CPU = Debug|Any CPU
		Release|Any CPU = Release|Any CPU
	EndGlobalSection
	GlobalSection(ProjectConfigurationPlatforms) = postSolution
		{6447D356-10DA-40B6-9A83-C30564B56721}.Debug|Any CPU.ActiveCfg = Debug|Any CPU
		{6447D356-10DA-40B6-9A83-C30564B56721}.Debug|Any CPU.Build.0 = Debug|Any CPU
		{6447D356-10DA-40B6-9A83-C30564B56721}.Release|Any CPU.ActiveCfg = Release|Any CPU
		{6447D356-10DA-40B6-9A83-C30564B56721}.Release|Any CPU.Build.0 = Release|Any CPU
	EndGlobalSection
	GlobalSection(SolutionProperties) = preSolution
		HideSolutionNode = FALSE
	EndGlobalSection
	GlobalSection(ExtensibilityGlobals) = postSolution
		SolutionGuid = {3E26D947-DA13-4571-8627-9C25C079A82D}
	EndGlobalSection
EndGlobal
